
Microsoft Visual Studio Solution File, Format Version 12.00
# Visual Studio Version 16
VisualStudioVersion = 16.0.31229.75
MinimumVisualStudioVersion = 10.0.40219.1
Project("{FAE04EC0-301F-11D3-BF4B-00C04F79EFBC}") = "AW.API", "AW.API\AW.API.csproj", "{C77E9355-BB22-40D2-955F-EE0D47D94648}"
EndProject
Project("{FAE04EC0-301F-11D3-BF4B-00C04F79EFBC}") = "AW.CORE", "AW.CORE\AW.CORE.csproj", "{05510C24-FFE0-4AF3-BF79-479EF5EA478B}"
EndProject
Project("{FAE04EC0-301F-11D3-BF4B-00C04F79EFBC}") = "AW.DATA", "AW.DATA\AW.DATA.csproj", "{C6676B33-E28C-4873-9ABF-D7D01A9891DA}"
EndProject
Global
	GlobalSection(SolutionConfigurationPlatforms) = preSolution
		Debug|Any CPU = Debug|Any CPU
		Release|Any CPU = Release|Any CPU
	EndGlobalSection
	GlobalSection(ProjectConfigurationPlatforms) = postSolution
		{C77E9355-BB22-40D2-955F-EE0D47D94648}.Debug|Any CPU.ActiveCfg = Debug|Any CPU
		{C77E9355-BB22-40D2-955F-EE0D47D94648}.Debug|Any CPU.Build.0 = Debug|Any CPU
		{C77E9355-BB22-40D2-955F-EE0D47D94648}.Release|Any CPU.ActiveCfg = Release|Any CPU
		{C77E9355-BB22-40D2-955F-EE0D47D94648}.Release|Any CPU.Build.0 = Release|Any CPU
		{05510C24-FFE0-4AF3-BF79-479EF5EA478B}.Debug|Any CPU.ActiveCfg = Debug|Any CPU
		{05510C24-FFE0-4AF3-BF79-479EF5EA478B}.Debug|Any CPU.Build.0 = Debug|Any CPU
		{05510C24-FFE0-4AF3-BF79-479EF5EA478B}.Release|Any CPU.ActiveCfg = Release|Any CPU
		{05510C24-FFE0-4AF3-BF79-479EF5EA478B}.Release|Any CPU.Build.0 = Release|Any CPU
		{C6676B33-E28C-4873-9ABF-D7D01A9891DA}.Debug|Any CPU.ActiveCfg = Debug|Any CPU
		{C6676B33-E28C-4873-9ABF-D7D01A9891DA}.Debug|Any CPU.Build.0 = Debug|Any CPU
		{C6676B33-E28C-4873-9ABF-D7D01A9891DA}.Release|Any CPU.ActiveCfg = Release|Any CPU
		{C6676B33-E28C-4873-9ABF-D7D01A9891DA}.Release|Any CPU.Build.0 = Release|Any CPU
	EndGlobalSection
	GlobalSection(SolutionProperties) = preSolution
		HideSolutionNode = FALSE
	EndGlobalSection
	GlobalSection(ExtensibilityGlobals) = postSolution
		SolutionGuid = {302BAE53-1733-48B9-9363-EA3118F5BA83}
	EndGlobalSection
EndGlobal
